
Microsoft Visual Studio Solution File, Format Version 12.00
# Visual Studio Version 17
VisualStudioVersion = 17.5.33530.505
MinimumVisualStudioVersion = 10.0.40219.1
Project("{9A19103F-16F7-4668-BE54-9A1E7A4F7556}") = "RefactorLang", "RefactorLang\RefactorLang.csproj", "{7CF797CB-0764-4B1A-9F2B-B3A3E3B7D172}"
EndProject
Project("{F2A71F9B-5D33-465A-A702-920D77279786}") = "ParserLibrary", "ParserLibrary\ParserLibrary.fsproj", "{F2886706-FF4D-42E1-9674-71A0A365DD9C}"
EndProject
Global
	GlobalSection(SolutionConfigurationPlatforms) = preSolution
		Debug|Any CPU = Debug|Any CPU
		Release|Any CPU = Release|Any CPU
	EndGlobalSection
	GlobalSection(ProjectConfigurationPlatforms) = postSolution
		{7CF797CB-0764-4B1A-9F2B-B3A3E3B7D172}.Debug|Any CPU.ActiveCfg = Debug|Any CPU
		{7CF797CB-0764-4B1A-9F2B-B3A3E3B7D172}.Debug|Any CPU.Build.0 = Debug|Any CPU
		{7CF797CB-0764-4B1A-9F2B-B3A3E3B7D172}.Release|Any CPU.ActiveCfg = Release|Any CPU
		{7CF797CB-0764-4B1A-9F2B-B3A3E3B7D172}.Release|Any CPU.Build.0 = Release|Any CPU
		{F2886706-FF4D-42E1-9674-71A0A365DD9C}.Debug|Any CPU.ActiveCfg = Debug|Any CPU
		{F2886706-FF4D-42E1-9674-71A0A365DD9C}.Debug|Any CPU.Build.0 = Debug|Any CPU
		{F2886706-FF4D-42E1-9674-71A0A365DD9C}.Release|Any CPU.ActiveCfg = Release|Any CPU
		{F2886706-FF4D-42E1-9674-71A0A365DD9C}.Release|Any CPU.Build.0 = Release|Any CPU
	EndGlobalSection
	GlobalSection(SolutionProperties) = preSolution
		HideSolutionNode = FALSE
	EndGlobalSection
	GlobalSection(ExtensibilityGlobals) = postSolution
		SolutionGuid = {9E13688A-C05F-45C7-BEC4-6544C470B734}
	EndGlobalSection
EndGlobal
